
Microsoft Visual Studio Solution File, Format Version 12.00
# Visual Studio Version 17
VisualStudioVersion = 17.1.32414.318
MinimumVisualStudioVersion = 10.0.40219.1
Project("{9A19103F-16F7-4668-BE54-9A1E7A4F7556}") = "ShoppingGameApp", "ShoppingGameApp\ShoppingGameApp.csproj", "{3D106AFF-B513-44F5-B05F-5BF47A71E362}"
EndProject
Project("{FAE04EC0-301F-11D3-BF4B-00C04F79EFBC}") = "ShoppingGame.UnitTests", "ShoppingGame.UnitTests\ShoppingGame.UnitTests.csproj", "{E611A3C2-FAFC-4FA9-BDA7-2567C3C354EC}"
EndProject
Global
	GlobalSection(SolutionConfigurationPlatforms) = preSolution
		Debug|Any CPU = Debug|Any CPU
		Release|Any CPU = Release|Any CPU
	EndGlobalSection
	GlobalSection(ProjectConfigurationPlatforms) = postSolution
		{3D106AFF-B513-44F5-B05F-5BF47A71E362}.Debug|Any CPU.ActiveCfg = Debug|Any CPU
		{3D106AFF-B513-44F5-B05F-5BF47A71E362}.Debug|Any CPU.Build.0 = Debug|Any CPU
		{3D106AFF-B513-44F5-B05F-5BF47A71E362}.Release|Any CPU.ActiveCfg = Release|Any CPU
		{3D106AFF-B513-44F5-B05F-5BF47A71E362}.Release|Any CPU.Build.0 = Release|Any CPU
		{E611A3C2-FAFC-4FA9-BDA7-2567C3C354EC}.Debug|Any CPU.ActiveCfg = Debug|Any CPU
		{E611A3C2-FAFC-4FA9-BDA7-2567C3C354EC}.Debug|Any CPU.Build.0 = Debug|Any CPU
		{E611A3C2-FAFC-4FA9-BDA7-2567C3C354EC}.Release|Any CPU.ActiveCfg = Release|Any CPU
		{E611A3C2-FAFC-4FA9-BDA7-2567C3C354EC}.Release|Any CPU.Build.0 = Release|Any CPU
	EndGlobalSection
	GlobalSection(SolutionProperties) = preSolution
		HideSolutionNode = FALSE
	EndGlobalSection
	GlobalSection(ExtensibilityGlobals) = postSolution
		SolutionGuid = {438B71A5-D9FD-4BC2-8397-41344F7A1940}
	EndGlobalSection
EndGlobal
